
Microsoft Visual Studio Solution File, Format Version 12.00
# Visual Studio Version 17
VisualStudioVersion = 17.0.31919.166
MinimumVisualStudioVersion = 10.0.40219.1
Project("{FAE04EC0-301F-11D3-BF4B-00C04F79EFBC}") = "RomanNumeral", "RomanNumeral\RomanNumeral.csproj", "{2FF2C268-3817-489A-A326-7C30FCF2614D}"
EndProject
Global
	GlobalSection(SolutionConfigurationPlatforms) = preSolution
		Debug|Any CPU = Debug|Any CPU
		Release|Any CPU = Release|Any CPU
	EndGlobalSection
	GlobalSection(ProjectConfigurationPlatforms) = postSolution
		{2FF2C268-3817-489A-A326-7C30FCF2614D}.Debug|Any CPU.ActiveCfg = Debug|Any CPU
		{2FF2C268-3817-489A-A326-7C30FCF2614D}.Debug|Any CPU.Build.0 = Debug|Any CPU
		{2FF2C268-3817-489A-A326-7C30FCF2614D}.Release|Any CPU.ActiveCfg = Release|Any CPU
		{2FF2C268-3817-489A-A326-7C30FCF2614D}.Release|Any CPU.Build.0 = Release|Any CPU
	EndGlobalSection
	GlobalSection(SolutionProperties) = preSolution
		HideSolutionNode = FALSE
	EndGlobalSection
	GlobalSection(ExtensibilityGlobals) = postSolution
		SolutionGuid = {C9D81403-C0DB-4422-8477-DC2416E99CBF}
	EndGlobalSection
EndGlobal
